
Microsoft Visual Studio Solution File, Format Version 12.00
Project("{2150E333-8FDC-42A3-9474-1A3956D46DE8}") = "Core", "Core", "{423D716C-D1F4-4A61-BD66-AE7762215D0F}"
EndProject
Project("{2150E333-8FDC-42A3-9474-1A3956D46DE8}") = "Infrastructure", "Infrastructure", "{512995A1-4CB8-4A91-A2D6-6E9DDD099D8C}"
EndProject
Project("{2150E333-8FDC-42A3-9474-1A3956D46DE8}") = "Presentation", "Presentation", "{6C4102DE-2BF5-4D26-B3C9-CE45217E1145}"
EndProject
Project("{FAE04EC0-301F-11D3-BF4B-00C04F79EFBC}") = "Api.Application", "Core\Api.Application\Api.Application.csproj", "{DF511258-1247-4A24-A82B-F009BFF7B818}"
EndProject
Project("{FAE04EC0-301F-11D3-BF4B-00C04F79EFBC}") = "Api.Domain", "Core\Api.Domain\Api.Domain.csproj", "{05B51D96-AE02-4931-9C72-8E9A91327451}"
EndProject
Project("{FAE04EC0-301F-11D3-BF4B-00C04F79EFBC}") = "Api.Infrastructure", "Infrastructure\Api.Infrastructure\Api.Infrastructure.csproj", "{6E85811C-2D8E-4E11-9262-E3316EAB2A8C}"
EndProject
Project("{FAE04EC0-301F-11D3-BF4B-00C04F79EFBC}") = "Persistance", "Infrastructure\Persistance\Persistance.csproj", "{8F733323-CDE6-4411-8181-B9E679344FBE}"
EndProject
Project("{FAE04EC0-301F-11D3-BF4B-00C04F79EFBC}") = "Api", "Presentation\Api\Api.csproj", "{751E085D-C691-4A2C-9FFA-C2ABBE98774E}"
EndProject
Project("{FAE04EC0-301F-11D3-BF4B-00C04F79EFBC}") = "Api.Mapper", "Core\Api.Mapper\Api.Mapper.csproj", "{B673885A-EE0C-4E43-A668-17761DF8484A}"
EndProject
Global
	GlobalSection(SolutionConfigurationPlatforms) = preSolution
		Debug|Any CPU = Debug|Any CPU
		Release|Any CPU = Release|Any CPU
	EndGlobalSection
	GlobalSection(NestedProjects) = preSolution
		{DF511258-1247-4A24-A82B-F009BFF7B818} = {423D716C-D1F4-4A61-BD66-AE7762215D0F}
		{05B51D96-AE02-4931-9C72-8E9A91327451} = {423D716C-D1F4-4A61-BD66-AE7762215D0F}
		{6E85811C-2D8E-4E11-9262-E3316EAB2A8C} = {512995A1-4CB8-4A91-A2D6-6E9DDD099D8C}
		{8F733323-CDE6-4411-8181-B9E679344FBE} = {512995A1-4CB8-4A91-A2D6-6E9DDD099D8C}
		{751E085D-C691-4A2C-9FFA-C2ABBE98774E} = {6C4102DE-2BF5-4D26-B3C9-CE45217E1145}
		{B673885A-EE0C-4E43-A668-17761DF8484A} = {423D716C-D1F4-4A61-BD66-AE7762215D0F}
	EndGlobalSection
	GlobalSection(ProjectConfigurationPlatforms) = postSolution
		{DF511258-1247-4A24-A82B-F009BFF7B818}.Debug|Any CPU.ActiveCfg = Debug|Any CPU
		{DF511258-1247-4A24-A82B-F009BFF7B818}.Debug|Any CPU.Build.0 = Debug|Any CPU
		{DF511258-1247-4A24-A82B-F009BFF7B818}.Release|Any CPU.ActiveCfg = Release|Any CPU
		{DF511258-1247-4A24-A82B-F009BFF7B818}.Release|Any CPU.Build.0 = Release|Any CPU
		{05B51D96-AE02-4931-9C72-8E9A91327451}.Debug|Any CPU.ActiveCfg = Debug|Any CPU
		{05B51D96-AE02-4931-9C72-8E9A91327451}.Debug|Any CPU.Build.0 = Debug|Any CPU
		{05B51D96-AE02-4931-9C72-8E9A91327451}.Release|Any CPU.ActiveCfg = Release|Any CPU
		{05B51D96-AE02-4931-9C72-8E9A91327451}.Release|Any CPU.Build.0 = Release|Any CPU
		{6E85811C-2D8E-4E11-9262-E3316EAB2A8C}.Debug|Any CPU.ActiveCfg = Debug|Any CPU
		{6E85811C-2D8E-4E11-9262-E3316EAB2A8C}.Debug|Any CPU.Build.0 = Debug|Any CPU
		{6E85811C-2D8E-4E11-9262-E3316EAB2A8C}.Release|Any CPU.ActiveCfg = Release|Any CPU
		{6E85811C-2D8E-4E11-9262-E3316EAB2A8C}.Release|Any CPU.Build.0 = Release|Any CPU
		{8F733323-CDE6-4411-8181-B9E679344FBE}.Debug|Any CPU.ActiveCfg = Debug|Any CPU
		{8F733323-CDE6-4411-8181-B9E679344FBE}.Debug|Any CPU.Build.0 = Debug|Any CPU
		{8F733323-CDE6-4411-8181-B9E679344FBE}.Release|Any CPU.ActiveCfg = Release|Any CPU
		{8F733323-CDE6-4411-8181-B9E679344FBE}.Release|Any CPU.Build.0 = Release|Any CPU
		{751E085D-C691-4A2C-9FFA-C2ABBE98774E}.Debug|Any CPU.ActiveCfg = Debug|Any CPU
		{751E085D-C691-4A2C-9FFA-C2ABBE98774E}.Debug|Any CPU.Build.0 = Debug|Any CPU
		{751E085D-C691-4A2C-9FFA-C2ABBE98774E}.Release|Any CPU.ActiveCfg = Release|Any CPU
		{751E085D-C691-4A2C-9FFA-C2ABBE98774E}.Release|Any CPU.Build.0 = Release|Any CPU
		{B673885A-EE0C-4E43-A668-17761DF8484A}.Debug|Any CPU.ActiveCfg = Debug|Any CPU
		{B673885A-EE0C-4E43-A668-17761DF8484A}.Debug|Any CPU.Build.0 = Debug|Any CPU
		{B673885A-EE0C-4E43-A668-17761DF8484A}.Release|Any CPU.ActiveCfg = Release|Any CPU
		{B673885A-EE0C-4E43-A668-17761DF8484A}.Release|Any CPU.Build.0 = Release|Any CPU
	EndGlobalSection
EndGlobal
